
Microsoft Visual Studio Solution File, Format Version 12.00
# Visual Studio Version 16
VisualStudioVersion = 16.0.32602.291
MinimumVisualStudioVersion = 10.0.40219.1
Project("{FAE04EC0-301F-11D3-BF4B-00C04F79EFBC}") = "LogingModel", "LogingModel\LogingModel.csproj", "{2BC6F9D4-6A43-41F4-AEFD-6243D42574C7}"
EndProject
Project("{00D1A9C2-B5F0-4AF3-8072-F6C62B433612}") = "AdminDB", "AdminDB\AdminDB.sqlproj", "{F29C6C68-C1E1-41FF-8F00-AE2A2F1431C4}"
EndProject
Global
	GlobalSection(SolutionConfigurationPlatforms) = preSolution
		Debug|Any CPU = Debug|Any CPU
		Release|Any CPU = Release|Any CPU
	EndGlobalSection
	GlobalSection(ProjectConfigurationPlatforms) = postSolution
		{2BC6F9D4-6A43-41F4-AEFD-6243D42574C7}.Debug|Any CPU.ActiveCfg = Debug|Any CPU
		{2BC6F9D4-6A43-41F4-AEFD-6243D42574C7}.Debug|Any CPU.Build.0 = Debug|Any CPU
		{2BC6F9D4-6A43-41F4-AEFD-6243D42574C7}.Release|Any CPU.ActiveCfg = Release|Any CPU
		{2BC6F9D4-6A43-41F4-AEFD-6243D42574C7}.Release|Any CPU.Build.0 = Release|Any CPU
		{F29C6C68-C1E1-41FF-8F00-AE2A2F1431C4}.Debug|Any CPU.ActiveCfg = Debug|Any CPU
		{F29C6C68-C1E1-41FF-8F00-AE2A2F1431C4}.Debug|Any CPU.Build.0 = Debug|Any CPU
		{F29C6C68-C1E1-41FF-8F00-AE2A2F1431C4}.Debug|Any CPU.Deploy.0 = Debug|Any CPU
		{F29C6C68-C1E1-41FF-8F00-AE2A2F1431C4}.Release|Any CPU.ActiveCfg = Release|Any CPU
		{F29C6C68-C1E1-41FF-8F00-AE2A2F1431C4}.Release|Any CPU.Build.0 = Release|Any CPU
		{F29C6C68-C1E1-41FF-8F00-AE2A2F1431C4}.Release|Any CPU.Deploy.0 = Release|Any CPU
	EndGlobalSection
	GlobalSection(SolutionProperties) = preSolution
		HideSolutionNode = FALSE
	EndGlobalSection
	GlobalSection(ExtensibilityGlobals) = postSolution
		SolutionGuid = {FD6D9374-AEAC-4FC1-BDD9-1EDC96CE04A3}
	EndGlobalSection
EndGlobal
